
Microsoft Visual Studio Solution File, Format Version 12.00
# Visual Studio Version 17
VisualStudioVersion = 17.7.34202.233
MinimumVisualStudioVersion = 10.0.40219.1
Project("{9A19103F-16F7-4668-BE54-9A1E7A4F7556}") = "csharp-crud-api", "csharp-crud-api.csproj", "{5473175A-A184-4E60-A40E-A6849E34DC79}"
EndProject
Global
	GlobalSection(SolutionConfigurationPlatforms) = preSolution
		Debug|Any CPU = Debug|Any CPU
		Release|Any CPU = Release|Any CPU
	EndGlobalSection
	GlobalSection(ProjectConfigurationPlatforms) = postSolution
		{5473175A-A184-4E60-A40E-A6849E34DC79}.Debug|Any CPU.ActiveCfg = Debug|Any CPU
		{5473175A-A184-4E60-A40E-A6849E34DC79}.Debug|Any CPU.Build.0 = Debug|Any CPU
		{5473175A-A184-4E60-A40E-A6849E34DC79}.Release|Any CPU.ActiveCfg = Release|Any CPU
		{5473175A-A184-4E60-A40E-A6849E34DC79}.Release|Any CPU.Build.0 = Release|Any CPU
	EndGlobalSection
	GlobalSection(SolutionProperties) = preSolution
		HideSolutionNode = FALSE
	EndGlobalSection
	GlobalSection(ExtensibilityGlobals) = postSolution
		SolutionGuid = {57DFE00F-521B-43DD-9191-A0210211D05A}
	EndGlobalSection
EndGlobal
